<?xml version="1.0" encoding="UTF-8"?>
<!DOCTYPE plist PUBLIC "-//Apple//DTD PLIST 1.0//EN" "http://www.apple.com/DTDs/PropertyList-1.0.dtd">
<plist version="1.0">
<dict>
	<key>archiveVersion</key>
	<string>1</string>
	<key>classes</key>
	<dict/>
	<key>objectVersion</key>
	<string>46</string>
	<key>objects</key>
	<dict>
		<key>0408167B1CF592670006B85C</key>
		<dict>
			<key>fileEncoding</key>
			<string>4</string>
			<key>isa</key>
			<string>PBXFileReference</string>
			<key>lastKnownFileType</key>
			<string>file.storyboard</string>
			<key>path</key>
			<string>Login.storyboard</string>
			<key>sourceTree</key>
			<string>&lt;group&gt;</string>
		</dict>
		<key>0408167C1CF592670006B85C</key>
		<dict>
			<key>fileRef</key>
			<string>0408167B1CF592670006B85C</string>
			<key>isa</key>
			<string>PBXBuildFile</string>
		</dict>
		<key>0436945E1CE450A7000868CE</key>
		<dict>
			<key>fileEncoding</key>
			<string>4</string>
			<key>isa</key>
			<string>PBXFileReference</string>
			<key>lastKnownFileType</key>
			<string>file.storyboard</string>
			<key>name</key>
			<string>Main.storyboard</string>
			<key>path</key>
			<string>../Main.storyboard</string>
			<key>sourceTree</key>
			<string>&lt;group&gt;</string>
		</dict>
		<key>0436945F1CE450A7000868CE</key>
		<dict>
			<key>fileRef</key>
			<string>0436945E1CE450A7000868CE</string>
			<key>isa</key>
			<string>PBXBuildFile</string>
		</dict>
		<key>043694621CE465DC000868CE</key>
		<dict>
			<key>fileEncoding</key>
			<string>4</string>
			<key>isa</key>
			<string>PBXFileReference</string>
			<key>lastKnownFileType</key>
			<string>sourcecode.swift</string>
			<key>name</key>
			<string>BaseViewController.swift</string>
			<key>path</key>
			<string>../BaseViewController.swift</string>
			<key>sourceTree</key>
			<string>&lt;group&gt;</string>
		</dict>
		<key>043694631CE465DC000868CE</key>
		<dict>
			<key>fileRef</key>
			<string>043694621CE465DC000868CE</string>
			<key>isa</key>
			<string>PBXBuildFile</string>
		</dict>
		<key>043694661CE4877D000868CE</key>
		<dict>
			<key>fileEncoding</key>
			<string>4</string>
			<key>isa</key>
			<string>PBXFileReference</string>
			<key>lastKnownFileType</key>
			<string>sourcecode.swift</string>
			<key>name</key>
			<string>ESKCategoryTableVC.swift</string>
			<key>path</key>
			<string>../ESKCategoryTableVC.swift</string>
			<key>sourceTree</key>
			<string>&lt;group&gt;</string>
		</dict>
		<key>043694671CE4877D000868CE</key>
		<dict>
			<key>fileRef</key>
			<string>043694661CE4877D000868CE</string>
			<key>isa</key>
			<string>PBXBuildFile</string>
		</dict>
		<key>043694681CE48F1E000868CE</key>
		<dict>
			<key>fileEncoding</key>
			<string>4</string>
			<key>isa</key>
			<string>PBXFileReference</string>
			<key>lastKnownFileType</key>
			<string>sourcecode.swift</string>
			<key>name</key>
			<string>ESKCategoryCell.swift</string>
			<key>path</key>
			<string>../ESKCategoryCell.swift</string>
			<key>sourceTree</key>
			<string>&lt;group&gt;</string>
		</dict>
		<key>043694691CE48F1E000868CE</key>
		<dict>
			<key>fileRef</key>
			<string>043694681CE48F1E000868CE</string>
			<key>isa</key>
			<string>PBXBuildFile</string>
		</dict>
		<key>0436946A1CE4A261000868CE</key>
		<dict>
			<key>fileEncoding</key>
			<string>4</string>
			<key>isa</key>
			<string>PBXFileReference</string>
			<key>lastKnownFileType</key>
			<string>sourcecode.swift</string>
			<key>name</key>
			<string>SimillerProductDetailVC.swift</string>
			<key>path</key>
			<string>../SimillerProductDetailVC.swift</string>
			<key>sourceTree</key>
			<string>&lt;group&gt;</string>
		</dict>
		<key>0436946B1CE4A261000868CE</key>
		<dict>
			<key>fileRef</key>
			<string>0436946A1CE4A261000868CE</string>
			<key>isa</key>
			<string>PBXBuildFile</string>
		</dict>
		<key>045738FA1CE30EDF00EB0FC9</key>
		<dict>
			<key>children</key>
			<array>
				<string>1800CB041CF6E0940094727B</string>
				<string>1800CB051CF6E0940094727B</string>
				<string>045739051CE30EDF00EB0FC9</string>
				<string>60AE7E50D9800F792DAC240A</string>
				<string>D48A0526576398153FC56E00</string>
				<string>18F87F721CF5B3AB0079750F</string>
			</array>
			<key>isa</key>
			<string>PBXGroup</string>
			<key>sourceTree</key>
			<string>&lt;group&gt;</string>
		</dict>
		<key>045738FB1CE30EDF00EB0FC9</key>
		<dict>
			<key>attributes</key>
			<dict>
				<key>LastSwiftUpdateCheck</key>
				<string>0730</string>
				<key>LastUpgradeCheck</key>
				<string>0730</string>
				<key>ORGANIZATIONNAME</key>
				<string>kloudRac.com</string>
				<key>TargetAttributes</key>
				<dict>
					<key>045739021CE30EDF00EB0FC9</key>
					<dict>
						<key>CreatedOnToolsVersion</key>
						<string>7.3</string>
						<key>DevelopmentTeam</key>
						<string>7438FZYKTN</string>
					</dict>
				</dict>
			</dict>
			<key>buildConfigurationList</key>
			<string>045738FE1CE30EDF00EB0FC9</string>
			<key>compatibilityVersion</key>
			<string>Xcode 3.2</string>
			<key>developmentRegion</key>
			<string>English</string>
			<key>hasScannedForEncodings</key>
			<string>0</string>
			<key>isa</key>
			<string>PBXProject</string>
			<key>knownRegions</key>
			<array>
				<string>en</string>
				<string>Base</string>
			</array>
			<key>mainGroup</key>
			<string>045738FA1CE30EDF00EB0FC9</string>
			<key>productRefGroup</key>
			<string>045739041CE30EDF00EB0FC9</string>
			<key>projectDirPath</key>
			<string></string>
			<key>projectReferences</key>
			<array/>
			<key>projectRoot</key>
			<string></string>
			<key>targets</key>
			<array>
				<string>045739021CE30EDF00EB0FC9</string>
			</array>
		</dict>
		<key>045738FE1CE30EDF00EB0FC9</key>
		<dict>
			<key>buildConfigurations</key>
			<array>
				<string>045739131CE30EDF00EB0FC9</string>
				<string>045739141CE30EDF00EB0FC9</string>
			</array>
			<key>defaultConfigurationIsVisible</key>
			<string>0</string>
			<key>defaultConfigurationName</key>
			<string>Release</string>
			<key>isa</key>
			<string>XCConfigurationList</string>
		</dict>
		<key>045738FF1CE30EDF00EB0FC9</key>
		<dict>
			<key>buildActionMask</key>
			<string>2147483647</string>
			<key>files</key>
			<array>
				<string>18A93DF51CEF32DE0046F78D</string>
				<string>046B8EC31CEDD2470024EF0E</string>
				<string>04B564201CEEF144001E9792</string>
				<string>04B700771CE9D48900C4E292</string>
				<string>046FB5E81D0160D60059F904</string>
				<string>18FB3F381CF444FE00C2E3D5</string>
				<string>043694631CE465DC000868CE</string>
				<string>180B482D1CF2C74100B5808C</string>
				<string>18F87F751CF5B3AC0079750F</string>
				<string>04B700791CE9D56900C4E292</string>
				<string>04B5642C1CEF1312001E9792</string>
				<string>043694691CE48F1E000868CE</string>
				<string>04A022421CEC47690002B3D1</string>
				<string>18EDD7F71CFC2AEA007AE91E</string>
				<string>18D3DA911CFEBBED006938DE</string>
				<string>1800CB061CF6E0940094727B</string>
				<string>043694671CE4877D000868CE</string>
				<string>18A93DF81CEF36DF0046F78D</string>
				<string>0436946B1CE4A261000868CE</string>
				<string>045739071CE30EDF00EB0FC9</string>
				<string>18F56BA91CFD5A6500CFB052</string>
				<string>04B5641E1CEEF122001E9792</string>
				<string>046C45DB1CE5E40F00C8D13C</string>
				<string>18EDD7F91CFC5962007AE91E</string>
				<string>18A93DF31CEF32680046F78D</string>
				<string>04B564221CEEF326001E9792</string>
			</array>
			<key>isa</key>
			<string>PBXSourcesBuildPhase</string>
			<key>runOnlyForDeploymentPostprocessing</key>
			<string>0</string>
		</dict>
		<key>045739001CE30EDF00EB0FC9</key>
		<dict>
			<key>buildActionMask</key>
			<string>2147483647</string>
			<key>files</key>
			<array>
				<string>18B49E871CF5AAF900B728BF</string>
				<string>18B49E851CF5AAD300B728BF</string>
				<string>BF46C2C6ECD8331AB7EE5F01</string>
			</array>
			<key>isa</key>
			<string>PBXFrameworksBuildPhase</string>
			<key>runOnlyForDeploymentPostprocessing</key>
			<string>0</string>
		</dict>
		<key>045739011CE30EDF00EB0FC9</key>
		<dict>
			<key>buildActionMask</key>
			<string>2147483647</string>
			<key>files</key>
			<array>
				<string>04B564181CEED4F6001E9792</string>
				<string>0436945F1CE450A7000868CE</string>
				<string>04B5641C1CEED89E001E9792</string>
				<string>0408167C1CF592670006B85C</string>
				<string>04B5641A1CEED884001E9792</string>
			</array>
			<key>isa</key>
			<string>PBXResourcesBuildPhase</string>
			<key>runOnlyForDeploymentPostprocessing</key>
			<string>0</string>
		</dict>
		<key>045739021CE30EDF00EB0FC9</key>
		<dict>
			<key>buildConfigurationList</key>
			<string>045739151CE30EDF00EB0FC9</string>
			<key>buildPhases</key>
			<array>
				<string>973530DB44212B42FDD88127</string>
				<string>045738FF1CE30EDF00EB0FC9</string>
				<string>045739001CE30EDF00EB0FC9</string>
				<string>045739011CE30EDF00EB0FC9</string>
				<string>9318B109307239B643F3597A</string>
				<string>2143E63F57F9E934F8AD8B9B</string>
			</array>
			<key>buildRules</key>
			<array/>
			<key>dependencies</key>
			<array/>
			<key>isa</key>
			<string>PBXNativeTarget</string>
			<key>name</key>
			<string>eShopKart</string>
			<key>productName</key>
			<string>eShopKart</string>
			<key>productReference</key>
			<string>045739031CE30EDF00EB0FC9</string>
			<key>productType</key>
			<string>com.apple.product-type.application</string>
		</dict>
		<key>045739031CE30EDF00EB0FC9</key>
		<dict>
			<key>explicitFileType</key>
			<string>wrapper.application</string>
			<key>includeInIndex</key>
			<string>0</string>
			<key>isa</key>
			<string>PBXFileReference</string>
			<key>path</key>
			<string>eShopKart.app</string>
			<key>sourceTree</key>
			<string>BUILT_PRODUCTS_DIR</string>
		</dict>
		<key>045739041CE30EDF00EB0FC9</key>
		<dict>
			<key>children</key>
			<array>
				<string>045739031CE30EDF00EB0FC9</string>
			</array>
			<key>isa</key>
			<string>PBXGroup</string>
			<key>name</key>
			<string>Products</string>
			<key>path</key>
			<string>..</string>
			<key>sourceTree</key>
			<string>&lt;group&gt;</string>
		</dict>
		<key>045739051CE30EDF00EB0FC9</key>
		<dict>
			<key>children</key>
			<array>
				<string>04EEB2301CEC52500069A877</string>
				<string>18A93DF61CEF36120046F78D</string>
				<string>04EEB2311CEC52800069A877</string>
				<string>0436945E1CE450A7000868CE</string>
				<string>0408167B1CF592670006B85C</string>
				<string>04B564191CEED884001E9792</string>
				<string>045739191CE30F0800EB0FC9</string>
				<string>045739041CE30EDF00EB0FC9</string>
			</array>
			<key>isa</key>
			<string>PBXGroup</string>
			<key>path</key>
			<string>eShopKart</string>
			<key>sourceTree</key>
			<string>&lt;group&gt;</string>
		</dict>
		<key>045739061CE30EDF00EB0FC9</key>
		<dict>
			<key>isa</key>
			<string>PBXFileReference</string>
			<key>lastKnownFileType</key>
			<string>sourcecode.swift</string>
			<key>path</key>
			<string>AppDelegate.swift</string>
			<key>sourceTree</key>
			<string>&lt;group&gt;</string>
		</dict>
		<key>045739071CE30EDF00EB0FC9</key>
		<dict>
			<key>fileRef</key>
			<string>045739061CE30EDF00EB0FC9</string>
			<key>isa</key>
			<string>PBXBuildFile</string>
		</dict>
		<key>045739121CE30EDF00EB0FC9</key>
		<dict>
			<key>isa</key>
			<string>PBXFileReference</string>
			<key>lastKnownFileType</key>
			<string>text.plist.xml</string>
			<key>path</key>
			<string>Info.plist</string>
			<key>sourceTree</key>
			<string>&lt;group&gt;</string>
		</dict>
		<key>045739131CE30EDF00EB0FC9</key>
		<dict>
			<key>buildSettings</key>
			<dict>
				<key>ALWAYS_SEARCH_USER_PATHS</key>
				<string>NO</string>
				<key>CLANG_ANALYZER_NONNULL</key>
				<string>YES</string>
				<key>CLANG_CXX_LANGUAGE_STANDARD</key>
				<string>gnu++0x</string>
				<key>CLANG_CXX_LIBRARY</key>
				<string>libc++</string>
				<key>CLANG_ENABLE_MODULES</key>
				<string>YES</string>
				<key>CLANG_ENABLE_OBJC_ARC</key>
				<string>YES</string>
				<key>CLANG_WARN_BOOL_CONVERSION</key>
				<string>YES</string>
				<key>CLANG_WARN_CONSTANT_CONVERSION</key>
				<string>YES</string>
				<key>CLANG_WARN_DIRECT_OBJC_ISA_USAGE</key>
				<string>YES_ERROR</string>
				<key>CLANG_WARN_EMPTY_BODY</key>
				<string>YES</string>
				<key>CLANG_WARN_ENUM_CONVERSION</key>
				<string>YES</string>
				<key>CLANG_WARN_INT_CONVERSION</key>
				<string>YES</string>
				<key>CLANG_WARN_OBJC_ROOT_CLASS</key>
				<string>YES_ERROR</string>
				<key>CLANG_WARN_UNREACHABLE_CODE</key>
				<string>YES</string>
				<key>CLANG_WARN__DUPLICATE_METHOD_MATCH</key>
				<string>YES</string>
				<key>CODE_SIGN_IDENTITY[sdk=iphoneos*]</key>
				<string>iPhone Developer</string>
				<key>COPY_PHASE_STRIP</key>
				<string>NO</string>
				<key>DEBUG_INFORMATION_FORMAT</key>
				<string>dwarf</string>
				<key>ENABLE_STRICT_OBJC_MSGSEND</key>
				<string>YES</string>
				<key>ENABLE_TESTABILITY</key>
				<string>YES</string>
				<key>GCC_C_LANGUAGE_STANDARD</key>
				<string>gnu99</string>
				<key>GCC_DYNAMIC_NO_PIC</key>
				<string>NO</string>
				<key>GCC_NO_COMMON_BLOCKS</key>
				<string>YES</string>
				<key>GCC_OPTIMIZATION_LEVEL</key>
				<string>0</string>
				<key>GCC_PREPROCESSOR_DEFINITIONS</key>
				<array>
					<string>DEBUG=1</string>
					<string>$(inherited)</string>
				</array>
				<key>GCC_WARN_64_TO_32_BIT_CONVERSION</key>
				<string>YES</string>
				<key>GCC_WARN_ABOUT_RETURN_TYPE</key>
				<string>YES_ERROR</string>
				<key>GCC_WARN_UNDECLARED_SELECTOR</key>
				<string>YES</string>
				<key>GCC_WARN_UNINITIALIZED_AUTOS</key>
				<string>YES_AGGRESSIVE</string>
				<key>GCC_WARN_UNUSED_FUNCTION</key>
				<string>YES</string>
				<key>GCC_WARN_UNUSED_VARIABLE</key>
				<string>YES</string>
				<key>IPHONEOS_DEPLOYMENT_TARGET</key>
				<string>9.3</string>
				<key>MTL_ENABLE_DEBUG_INFO</key>
				<string>YES</string>
				<key>ONLY_ACTIVE_ARCH</key>
				<string>YES</string>
				<key>SDKROOT</key>
				<string>iphoneos</string>
				<key>SWIFT_OPTIMIZATION_LEVEL</key>
				<string>-Onone</string>
				<key>TARGETED_DEVICE_FAMILY</key>
				<string>1,2</string>
			</dict>
			<key>isa</key>
			<string>XCBuildConfiguration</string>
			<key>name</key>
			<string>Debug</string>
		</dict>
		<key>045739141CE30EDF00EB0FC9</key>
		<dict>
			<key>buildSettings</key>
			<dict>
				<key>ALWAYS_SEARCH_USER_PATHS</key>
				<string>NO</string>
				<key>CLANG_ANALYZER_NONNULL</key>
				<string>YES</string>
				<key>CLANG_CXX_LANGUAGE_STANDARD</key>
				<string>gnu++0x</string>
				<key>CLANG_CXX_LIBRARY</key>
				<string>libc++</string>
				<key>CLANG_ENABLE_MODULES</key>
				<string>YES</string>
				<key>CLANG_ENABLE_OBJC_ARC</key>
				<string>YES</string>
				<key>CLANG_WARN_BOOL_CONVERSION</key>
				<string>YES</string>
				<key>CLANG_WARN_CONSTANT_CONVERSION</key>
				<string>YES</string>
				<key>CLANG_WARN_DIRECT_OBJC_ISA_USAGE</key>
				<string>YES_ERROR</string>
				<key>CLANG_WARN_EMPTY_BODY</key>
				<string>YES</string>
				<key>CLANG_WARN_ENUM_CONVERSION</key>
				<string>YES</string>
				<key>CLANG_WARN_INT_CONVERSION</key>
				<string>YES</string>
				<key>CLANG_WARN_OBJC_ROOT_CLASS</key>
				<string>YES_ERROR</string>
				<key>CLANG_WARN_UNREACHABLE_CODE</key>
				<string>YES</string>
				<key>CLANG_WARN__DUPLICATE_METHOD_MATCH</key>
				<string>YES</string>
				<key>CODE_SIGN_IDENTITY[sdk=iphoneos*]</key>
				<string>iPhone Developer</string>
				<key>COPY_PHASE_STRIP</key>
				<string>NO</string>
				<key>DEBUG_INFORMATION_FORMAT</key>
				<string>dwarf-with-dsym</string>
				<key>ENABLE_NS_ASSERTIONS</key>
				<string>NO</string>
				<key>ENABLE_STRICT_OBJC_MSGSEND</key>
				<string>YES</string>
				<key>GCC_C_LANGUAGE_STANDARD</key>
				<string>gnu99</string>
				<key>GCC_NO_COMMON_BLOCKS</key>
				<string>YES</string>
				<key>GCC_WARN_64_TO_32_BIT_CONVERSION</key>
				<string>YES</string>
				<key>GCC_WARN_ABOUT_RETURN_TYPE</key>
				<string>YES_ERROR</string>
				<key>GCC_WARN_UNDECLARED_SELECTOR</key>
				<string>YES</string>
				<key>GCC_WARN_UNINITIALIZED_AUTOS</key>
				<string>YES_AGGRESSIVE</string>
				<key>GCC_WARN_UNUSED_FUNCTION</key>
				<string>YES</string>
				<key>GCC_WARN_UNUSED_VARIABLE</key>
				<string>YES</string>
				<key>IPHONEOS_DEPLOYMENT_TARGET</key>
				<string>9.3</string>
				<key>MTL_ENABLE_DEBUG_INFO</key>
				<string>NO</string>
				<key>SDKROOT</key>
				<string>iphoneos</string>
				<key>TARGETED_DEVICE_FAMILY</key>
				<string>1,2</string>
				<key>VALIDATE_PRODUCT</key>
				<string>YES</string>
			</dict>
			<key>isa</key>
			<string>XCBuildConfiguration</string>
			<key>name</key>
			<string>Release</string>
		</dict>
		<key>045739151CE30EDF00EB0FC9</key>
		<dict>
			<key>buildConfigurations</key>
			<array>
				<string>045739161CE30EDF00EB0FC9</string>
				<string>045739171CE30EDF00EB0FC9</string>
			</array>
			<key>defaultConfigurationIsVisible</key>
			<string>0</string>
			<key>defaultConfigurationName</key>
			<string>Release</string>
			<key>isa</key>
			<string>XCConfigurationList</string>
		</dict>
		<key>045739161CE30EDF00EB0FC9</key>
		<dict>
			<key>baseConfigurationReference</key>
			<string>77F1DE39874FE306DBBCF16E</string>
			<key>buildSettings</key>
			<dict>
				<key>ASSETCATALOG_COMPILER_APPICON_NAME</key>
				<string>AppIcon</string>
				<key>CLANG_ENABLE_MODULES</key>
				<string>YES</string>
				<key>FRAMEWORK_SEARCH_PATHS</key>
				<array>
					<string>$(inherited)</string>
					<string>$(PROJECT_DIR)/build/Debug-iphoneos</string>
				</array>
				<key>INFOPLIST_FILE</key>
				<string>eShopKart/Info.plist</string>
				<key>LD_RUNPATH_SEARCH_PATHS</key>
				<string>$(inherited) @executable_path/Frameworks</string>
				<key>LIBRARY_SEARCH_PATHS</key>
				<array>
					<string>$(inherited)</string>
					<string>$(PROJECT_DIR)/build/Debug-iphoneos</string>
				</array>
				<key>PRODUCT_BUNDLE_IDENTIFIER</key>
				<string>KloudRac.eShopKart</string>
				<key>PRODUCT_NAME</key>
				<string>$(TARGET_NAME)</string>
				<key>SWIFT_OBJC_BRIDGING_HEADER</key>
				<string>eShopKart-Bridging-Header.h</string>
				<key>SWIFT_OPTIMIZATION_LEVEL</key>
				<string>-Onone</string>
			</dict>
			<key>isa</key>
			<string>XCBuildConfiguration</string>
			<key>name</key>
			<string>Debug</string>
		</dict>
		<key>045739171CE30EDF00EB0FC9</key>
		<dict>
			<key>baseConfigurationReference</key>
			<string>DDADDD317C91AF9EACBAF282</string>
			<key>buildSettings</key>
			<dict>
				<key>ASSETCATALOG_COMPILER_APPICON_NAME</key>
				<string>AppIcon</string>
				<key>CLANG_ENABLE_MODULES</key>
				<string>YES</string>
				<key>FRAMEWORK_SEARCH_PATHS</key>
				<array>
					<string>$(inherited)</string>
					<string>$(PROJECT_DIR)/build/Debug-iphoneos</string>
				</array>
				<key>INFOPLIST_FILE</key>
				<string>eShopKart/Info.plist</string>
				<key>LD_RUNPATH_SEARCH_PATHS</key>
				<string>$(inherited) @executable_path/Frameworks</string>
				<key>LIBRARY_SEARCH_PATHS</key>
				<array>
					<string>$(inherited)</string>
					<string>$(PROJECT_DIR)/build/Debug-iphoneos</string>
				</array>
				<key>PRODUCT_BUNDLE_IDENTIFIER</key>
				<string>KloudRac.eShopKart</string>
				<key>PRODUCT_NAME</key>
				<string>$(TARGET_NAME)</string>
				<key>SWIFT_OBJC_BRIDGING_HEADER</key>
				<string>eShopKart-Bridging-Header.h</string>
				<key>SWIFT_OPTIMIZATION_LEVEL</key>
				<string>-O</string>
			</dict>
			<key>isa</key>
			<string>XCBuildConfiguration</string>
			<key>name</key>
			<string>Release</string>
		</dict>
		<key>045739191CE30F0800EB0FC9</key>
		<dict>
			<key>children</key>
			<array>
				<string>04B5641B1CEED89E001E9792</string>
				<string>045739121CE30EDF00EB0FC9</string>
				<string>18F87F731CF5B3AC0079750F</string>
				<string>18F87F741CF5B3AC0079750F</string>
			</array>
			<key>isa</key>
			<string>PBXGroup</string>
			<key>name</key>
			<string>Support</string>
			<key>sourceTree</key>
			<string>&lt;group&gt;</string>
		</dict>
		<key>046B8EC21CEDD2470024EF0E</key>
		<dict>
			<key>fileEncoding</key>
			<string>4</string>
			<key>isa</key>
			<string>PBXFileReference</string>
			<key>lastKnownFileType</key>
			<string>sourcecode.swift</string>
			<key>name</key>
			<string>ESKLoginSignUpVC.swift</string>
			<key>path</key>
			<string>../ESKLoginSignUpVC.swift</string>
			<key>sourceTree</key>
			<string>&lt;group&gt;</string>
		</dict>
		<key>046B8EC31CEDD2470024EF0E</key>
		<dict>
			<key>fileRef</key>
			<string>046B8EC21CEDD2470024EF0E</string>
			<key>isa</key>
			<string>PBXBuildFile</string>
		</dict>
		<key>046C45DA1CE5E40F00C8D13C</key>
		<dict>
			<key>fileEncoding</key>
			<string>4</string>
			<key>isa</key>
			<string>PBXFileReference</string>
			<key>lastKnownFileType</key>
			<string>sourcecode.swift</string>
			<key>name</key>
			<string>CartItemDetailVC.swift</string>
			<key>path</key>
			<string>../CartItemDetailVC.swift</string>
			<key>sourceTree</key>
			<string>&lt;group&gt;</string>
		</dict>
		<key>046C45DB1CE5E40F00C8D13C</key>
		<dict>
			<key>fileRef</key>
			<string>046C45DA1CE5E40F00C8D13C</string>
			<key>isa</key>
			<string>PBXBuildFile</string>
		</dict>
		<key>046FB5E71D0160D60059F904</key>
		<dict>
			<key>fileEncoding</key>
			<string>4</string>
			<key>isa</key>
			<string>PBXFileReference</string>
			<key>lastKnownFileType</key>
			<string>sourcecode.swift</string>
			<key>name</key>
			<string>SignUPViewController.swift</string>
			<key>path</key>
			<string>../SignUPViewController.swift</string>
			<key>sourceTree</key>
			<string>&lt;group&gt;</string>
		</dict>
		<key>046FB5E81D0160D60059F904</key>
		<dict>
			<key>fileRef</key>
			<string>046FB5E71D0160D60059F904</string>
			<key>isa</key>
			<string>PBXBuildFile</string>
		</dict>
		<key>04A022411CEC47690002B3D1</key>
		<dict>
			<key>fileEncoding</key>
			<string>4</string>
			<key>isa</key>
			<string>PBXFileReference</string>
			<key>lastKnownFileType</key>
			<string>sourcecode.swift</string>
			<key>name</key>
			<string>EKartSideMenuManager.swift</string>
			<key>path</key>
			<string>../EKartSideMenuManager.swift</string>
			<key>sourceTree</key>
			<string>&lt;group&gt;</string>
		</dict>
		<key>04A022421CEC47690002B3D1</key>
		<dict>
			<key>fileRef</key>
			<string>04A022411CEC47690002B3D1</string>
			<key>isa</key>
			<string>PBXBuildFile</string>
		</dict>
		<key>04B564171CEED4F6001E9792</key>
		<dict>
			<key>fileEncoding</key>
			<string>4</string>
			<key>isa</key>
			<string>PBXFileReference</string>
			<key>lastKnownFileType</key>
			<string>text</string>
			<key>path</key>
			<string>Podfile</string>
			<key>sourceTree</key>
			<string>&lt;group&gt;</string>
			<key>xcLanguageSpecificationIdentifier</key>
			<string>xcode.lang.ruby</string>
		</dict>
		<key>04B564181CEED4F6001E9792</key>
		<dict>
			<key>fileRef</key>
			<string>04B564171CEED4F6001E9792</string>
			<key>isa</key>
			<string>PBXBuildFile</string>
		</dict>
		<key>04B564191CEED884001E9792</key>
		<dict>
			<key>isa</key>
			<string>PBXFileReference</string>
			<key>lastKnownFileType</key>
			<string>folder.assetcatalog</string>
			<key>path</key>
			<string>Images.xcassets</string>
			<key>sourceTree</key>
			<string>&lt;group&gt;</string>
		</dict>
		<key>04B5641A1CEED884001E9792</key>
		<dict>
			<key>fileRef</key>
			<string>04B564191CEED884001E9792</string>
			<key>isa</key>
			<string>PBXBuildFile</string>
		</dict>
		<key>04B5641B1CEED89E001E9792</key>
		<dict>
			<key>fileEncoding</key>
			<string>4</string>
			<key>isa</key>
			<string>PBXFileReference</string>
			<key>lastKnownFileType</key>
			<string>file.storyboard</string>
			<key>name</key>
			<string>Launch Screen.storyboard</string>
			<key>path</key>
			<string>../Launch Screen.storyboard</string>
			<key>sourceTree</key>
			<string>&lt;group&gt;</string>
		</dict>
		<key>04B5641C1CEED89E001E9792</key>
		<dict>
			<key>fileRef</key>
			<string>04B5641B1CEED89E001E9792</string>
			<key>isa</key>
			<string>PBXBuildFile</string>
		</dict>
		<key>04B5641D1CEEF122001E9792</key>
		<dict>
			<key>fileEncoding</key>
			<string>4</string>
			<key>isa</key>
			<string>PBXFileReference</string>
			<key>lastKnownFileType</key>
			<string>sourcecode.swift</string>
			<key>path</key>
			<string>CategoryItemListVC.swift</string>
			<key>sourceTree</key>
			<string>SOURCE_ROOT</string>
		</dict>
		<key>04B5641E1CEEF122001E9792</key>
		<dict>
			<key>fileRef</key>
			<string>04B5641D1CEEF122001E9792</string>
			<key>isa</key>
			<string>PBXBuildFile</string>
		</dict>
		<key>04B5641F1CEEF144001E9792</key>
		<dict>
			<key>fileEncoding</key>
			<string>4</string>
			<key>isa</key>
			<string>PBXFileReference</string>
			<key>lastKnownFileType</key>
			<string>sourcecode.swift</string>
			<key>path</key>
			<string>CategoryItemsViewCell.swift</string>
			<key>sourceTree</key>
			<string>SOURCE_ROOT</string>
		</dict>
		<key>04B564201CEEF144001E9792</key>
		<dict>
			<key>fileRef</key>
			<string>04B5641F1CEEF144001E9792</string>
			<key>isa</key>
			<string>PBXBuildFile</string>
		</dict>
		<key>04B564211CEEF326001E9792</key>
		<dict>
			<key>fileEncoding</key>
			<string>4</string>
			<key>isa</key>
			<string>PBXFileReference</string>
			<key>lastKnownFileType</key>
			<string>sourcecode.swift</string>
			<key>name</key>
			<string>SimillerProductViewCell.swift</string>
			<key>path</key>
			<string>../SimillerProductViewCell.swift</string>
			<key>sourceTree</key>
			<string>&lt;group&gt;</string>
		</dict>
		<key>04B564221CEEF326001E9792</key>
		<dict>
			<key>fileRef</key>
			<string>04B564211CEEF326001E9792</string>
			<key>isa</key>
			<string>PBXBuildFile</string>
		</dict>
		<key>04B5642B1CEF1312001E9792</key>
		<dict>
			<key>fileEncoding</key>
			<string>4</string>
			<key>isa</key>
			<string>PBXFileReference</string>
			<key>lastKnownFileType</key>
			<string>sourcecode.swift</string>
			<key>path</key>
			<string>UserRegistrationVC.swift</string>
			<key>sourceTree</key>
			<string>&lt;group&gt;</string>
		</dict>
		<key>04B5642C1CEF1312001E9792</key>
		<dict>
			<key>fileRef</key>
			<string>04B5642B1CEF1312001E9792</string>
			<key>isa</key>
			<string>PBXBuildFile</string>
		</dict>
		<key>04B700761CE9D48900C4E292</key>
		<dict>
			<key>fileEncoding</key>
			<string>4</string>
			<key>isa</key>
			<string>PBXFileReference</string>
			<key>lastKnownFileType</key>
			<string>sourcecode.swift</string>
			<key>name</key>
			<string>UserProfileViewController.swift</string>
			<key>path</key>
			<string>../UserProfileViewController.swift</string>
			<key>sourceTree</key>
			<string>&lt;group&gt;</string>
		</dict>
		<key>04B700771CE9D48900C4E292</key>
		<dict>
			<key>fileRef</key>
			<string>04B700761CE9D48900C4E292</string>
			<key>isa</key>
			<string>PBXBuildFile</string>
		</dict>
		<key>04B700781CE9D56900C4E292</key>
		<dict>
			<key>fileEncoding</key>
			<string>4</string>
			<key>isa</key>
			<string>PBXFileReference</string>
			<key>lastKnownFileType</key>
			<string>sourcecode.swift</string>
			<key>name</key>
			<string>UserProfileCell.swift</string>
			<key>path</key>
			<string>../UserProfileCell.swift</string>
			<key>sourceTree</key>
			<string>&lt;group&gt;</string>
		</dict>
		<key>04B700791CE9D56900C4E292</key>
		<dict>
			<key>fileRef</key>
			<string>04B700781CE9D56900C4E292</string>
			<key>isa</key>
			<string>PBXBuildFile</string>
		</dict>
		<key>04EEB2301CEC52500069A877</key>
		<dict>
			<key>children</key>
			<array>
				<string>18EDD7F81CFC5962007AE91E</string>
				<string>043694621CE465DC000868CE</string>
				<string>18FB3F371CF444FE00C2E3D5</string>
				<string>180B482C1CF2C74100B5808C</string>
				<string>045739061CE30EDF00EB0FC9</string>
				<string>18A93DF21CEF32680046F78D</string>
				<string>046B8EC21CEDD2470024EF0E</string>
				<string>043694661CE4877D000868CE</string>
				<string>04B5641D1CEEF122001E9792</string>
				<string>0436946A1CE4A261000868CE</string>
				<string>046C45DA1CE5E40F00C8D13C</string>
				<string>04A022411CEC47690002B3D1</string>
				<string>04B5642B1CEF1312001E9792</string>
				<string>046FB5E71D0160D60059F904</string>
				<string>04B700761CE9D48900C4E292</string>
				<string>18D3DA901CFEBBED006938DE</string>
			</array>
			<key>isa</key>
			<string>PBXGroup</string>
			<key>name</key>
			<string>Controller</string>
			<key>sourceTree</key>
			<string>&lt;group&gt;</string>
		</dict>
		<key>04EEB2311CEC52800069A877</key>
		<dict>
			<key>children</key>
			<array>
				<string>18EDD7F61CFC2AEA007AE91E</string>
				<string>04B5641F1CEEF144001E9792</string>
				<string>18A93DF41CEF32DE0046F78D</string>
				<string>04B564211CEEF326001E9792</string>
				<string>043694681CE48F1E000868CE</string>
				<string>04B700781CE9D56900C4E292</string>
			</array>
			<key>isa</key>
			<string>PBXGroup</string>
			<key>name</key>
			<string>Cell</string>
			<key>sourceTree</key>
			<string>&lt;group&gt;</string>
		</dict>
		<key>1800CB041CF6E0940094727B</key>
		<dict>
			<key>fileEncoding</key>
			<string>4</string>
			<key>isa</key>
			<string>PBXFileReference</string>
			<key>lastKnownFileType</key>
			<string>sourcecode.c.h</string>
			<key>path</key>
			<string>UIBarButtonItem+Badge.h</string>
			<key>sourceTree</key>
			<string>&lt;group&gt;</string>
		</dict>
		<key>1800CB051CF6E0940094727B</key>
		<dict>
			<key>fileEncoding</key>
			<string>4</string>
			<key>isa</key>
			<string>PBXFileReference</string>
			<key>lastKnownFileType</key>
			<string>sourcecode.c.objc</string>
			<key>path</key>
			<string>UIBarButtonItem+Badge.m</string>
			<key>sourceTree</key>
			<string>&lt;group&gt;</string>
		</dict>
		<key>1800CB061CF6E0940094727B</key>
		<dict>
			<key>fileRef</key>
			<string>1800CB051CF6E0940094727B</string>
			<key>isa</key>
			<string>PBXBuildFile</string>
		</dict>
		<key>180B482C1CF2C74100B5808C</key>
		<dict>
			<key>fileEncoding</key>
			<string>4</string>
			<key>isa</key>
			<string>PBXFileReference</string>
			<key>lastKnownFileType</key>
			<string>sourcecode.swift</string>
			<key>path</key>
			<string>HomeViewController.swift</string>
			<key>sourceTree</key>
			<string>&lt;group&gt;</string>
		</dict>
		<key>180B482D1CF2C74100B5808C</key>
		<dict>
			<key>fileRef</key>
			<string>180B482C1CF2C74100B5808C</string>
			<key>isa</key>
			<string>PBXBuildFile</string>
		</dict>
		<key>18A93DF21CEF32680046F78D</key>
		<dict>
			<key>fileEncoding</key>
			<string>4</string>
			<key>isa</key>
			<string>PBXFileReference</string>
			<key>lastKnownFileType</key>
			<string>sourcecode.swift</string>
			<key>path</key>
			<string>ItemDetailVC.swift</string>
			<key>sourceTree</key>
			<string>&lt;group&gt;</string>
		</dict>
		<key>18A93DF31CEF32680046F78D</key>
		<dict>
			<key>fileRef</key>
			<string>18A93DF21CEF32680046F78D</string>
			<key>isa</key>
			<string>PBXBuildFile</string>
		</dict>
		<key>18A93DF41CEF32DE0046F78D</key>
		<dict>
			<key>fileEncoding</key>
			<string>4</string>
			<key>isa</key>
			<string>PBXFileReference</string>
			<key>lastKnownFileType</key>
			<string>sourcecode.swift</string>
			<key>path</key>
			<string>ItemDetailViewCell.swift</string>
			<key>sourceTree</key>
			<string>&lt;group&gt;</string>
		</dict>
		<key>18A93DF51CEF32DE0046F78D</key>
		<dict>
			<key>fileRef</key>
			<string>18A93DF41CEF32DE0046F78D</string>
			<key>isa</key>
			<string>PBXBuildFile</string>
		</dict>
		<key>18A93DF61CEF36120046F78D</key>
		<dict>
			<key>children</key>
			<array>
				<string>18F56BA71CFD599800CFB052</string>
				<string>18A93DF71CEF36DF0046F78D</string>
			</array>
			<key>isa</key>
			<string>PBXGroup</string>
			<key>name</key>
			<string>Helpers</string>
			<key>path</key>
			<string>..</string>
			<key>sourceTree</key>
			<string>&lt;group&gt;</string>
		</dict>
		<key>18A93DF71CEF36DF0046F78D</key>
		<dict>
			<key>fileEncoding</key>
			<string>4</string>
			<key>isa</key>
			<string>PBXFileReference</string>
			<key>lastKnownFileType</key>
			<string>sourcecode.swift</string>
			<key>path</key>
			<string>ImageWithTextField.swift</string>
			<key>sourceTree</key>
			<string>&lt;group&gt;</string>
		</dict>
		<key>18A93DF81CEF36DF0046F78D</key>
		<dict>
			<key>fileRef</key>
			<string>18A93DF71CEF36DF0046F78D</string>
			<key>isa</key>
			<string>PBXBuildFile</string>
		</dict>
		<key>18B49E841CF5AAD300B728BF</key>
		<dict>
			<key>isa</key>
			<string>PBXFileReference</string>
			<key>lastKnownFileType</key>
			<string>wrapper.framework</string>
			<key>name</key>
			<string>AFNetworking.framework</string>
			<key>path</key>
			<string>Pods/../build/Debug-iphoneos/AFNetworking.framework</string>
			<key>sourceTree</key>
			<string>&lt;group&gt;</string>
		</dict>
		<key>18B49E851CF5AAD300B728BF</key>
		<dict>
			<key>fileRef</key>
			<string>18B49E841CF5AAD300B728BF</string>
			<key>isa</key>
			<string>PBXBuildFile</string>
		</dict>
		<key>18B49E861CF5AAF900B728BF</key>
		<dict>
			<key>isa</key>
			<string>PBXFileReference</string>
			<key>lastKnownFileType</key>
			<string>wrapper.framework</string>
			<key>name</key>
			<string>MBProgressHUD.framework</string>
			<key>path</key>
			<string>Pods/../build/Debug-iphoneos/MBProgressHUD.framework</string>
			<key>sourceTree</key>
			<string>&lt;group&gt;</string>
		</dict>
		<key>18B49E871CF5AAF900B728BF</key>
		<dict>
			<key>fileRef</key>
			<string>18B49E861CF5AAF900B728BF</string>
			<key>isa</key>
			<string>PBXBuildFile</string>
		</dict>
		<key>18D3DA901CFEBBED006938DE</key>
		<dict>
			<key>fileEncoding</key>
			<string>4</string>
			<key>isa</key>
			<string>PBXFileReference</string>
			<key>lastKnownFileType</key>
			<string>sourcecode.swift</string>
			<key>path</key>
			<string>LoginViewController.swift</string>
			<key>sourceTree</key>
			<string>&lt;group&gt;</string>
		</dict>
		<key>18D3DA911CFEBBED006938DE</key>
		<dict>
			<key>fileRef</key>
			<string>18D3DA901CFEBBED006938DE</string>
			<key>isa</key>
			<string>PBXBuildFile</string>
		</dict>
		<key>18EDD7F61CFC2AEA007AE91E</key>
		<dict>
			<key>fileEncoding</key>
			<string>4</string>
			<key>isa</key>
			<string>PBXFileReference</string>
			<key>lastKnownFileType</key>
			<string>sourcecode.swift</string>
			<key>path</key>
			<string>cartItemCell.swift</string>
			<key>sourceTree</key>
			<string>&lt;group&gt;</string>
		</dict>
		<key>18EDD7F71CFC2AEA007AE91E</key>
		<dict>
			<key>fileRef</key>
			<string>18EDD7F61CFC2AEA007AE91E</string>
			<key>isa</key>
			<string>PBXBuildFile</string>
		</dict>
		<key>18EDD7F81CFC5962007AE91E</key>
		<dict>
			<key>fileEncoding</key>
			<string>4</string>
			<key>isa</key>
			<string>PBXFileReference</string>
			<key>lastKnownFileType</key>
			<string>sourcecode.swift</string>
			<key>path</key>
			<string>GeneralWebViewController.swift</string>
			<key>sourceTree</key>
			<string>&lt;group&gt;</string>
		</dict>
		<key>18EDD7F91CFC5962007AE91E</key>
		<dict>
			<key>fileRef</key>
			<string>18EDD7F81CFC5962007AE91E</string>
			<key>isa</key>
			<string>PBXBuildFile</string>
		</dict>
		<key>18F56BA71CFD599800CFB052</key>
		<dict>
			<key>children</key>
			<array>
				<string>18F56BA81CFD5A6500CFB052</string>
			</array>
			<key>isa</key>
			<string>PBXGroup</string>
			<key>name</key>
			<string>Webservices</string>
			<key>sourceTree</key>
			<string>&lt;group&gt;</string>
		</dict>
		<key>18F56BA81CFD5A6500CFB052</key>
		<dict>
			<key>fileEncoding</key>
			<string>4</string>
			<key>isa</key>
			<string>PBXFileReference</string>
			<key>lastKnownFileType</key>
			<string>sourcecode.swift</string>
			<key>path</key>
			<string>BaseOperation.swift</string>
			<key>sourceTree</key>
			<string>&lt;group&gt;</string>
		</dict>
		<key>18F56BA91CFD5A6500CFB052</key>
		<dict>
			<key>fileRef</key>
			<string>18F56BA81CFD5A6500CFB052</string>
			<key>isa</key>
			<string>PBXBuildFile</string>
		</dict>
		<key>18F87F721CF5B3AB0079750F</key>
		<dict>
			<key>isa</key>
			<string>PBXFileReference</string>
			<key>lastKnownFileType</key>
			<string>sourcecode.c.h</string>
			<key>path</key>
			<string>eShopKart-Bridging-Header.h</string>
			<key>sourceTree</key>
			<string>&lt;group&gt;</string>
		</dict>
		<key>18F87F731CF5B3AC0079750F</key>
		<dict>
			<key>fileEncoding</key>
			<string>4</string>
			<key>isa</key>
			<string>PBXFileReference</string>
			<key>lastKnownFileType</key>
			<string>sourcecode.c.h</string>
			<key>name</key>
			<string>MBProgressHUD.h</string>
			<key>path</key>
			<string>../MBProgressHUD.h</string>
			<key>sourceTree</key>
			<string>&lt;group&gt;</string>
		</dict>
		<key>18F87F741CF5B3AC0079750F</key>
		<dict>
			<key>fileEncoding</key>
			<string>4</string>
			<key>isa</key>
			<string>PBXFileReference</string>
			<key>lastKnownFileType</key>
			<string>sourcecode.c.objc</string>
			<key>name</key>
			<string>MBProgressHUD.m</string>
			<key>path</key>
			<string>../MBProgressHUD.m</string>
			<key>sourceTree</key>
			<string>&lt;group&gt;</string>
		</dict>
		<key>18F87F751CF5B3AC0079750F</key>
		<dict>
			<key>fileRef</key>
			<string>18F87F741CF5B3AC0079750F</string>
			<key>isa</key>
			<string>PBXBuildFile</string>
		</dict>
		<key>18FB3F371CF444FE00C2E3D5</key>
		<dict>
			<key>fileEncoding</key>
			<string>4</string>
			<key>isa</key>
			<string>PBXFileReference</string>
			<key>lastKnownFileType</key>
			<string>sourcecode.swift</string>
			<key>path</key>
			<string>SearchViewController.swift</string>
			<key>sourceTree</key>
			<string>&lt;group&gt;</string>
		</dict>
		<key>18FB3F381CF444FE00C2E3D5</key>
		<dict>
			<key>fileRef</key>
			<string>18FB3F371CF444FE00C2E3D5</string>
			<key>isa</key>
			<string>PBXBuildFile</string>
		</dict>
		<key>2143E63F57F9E934F8AD8B9B</key>
		<dict>
			<key>buildActionMask</key>
			<string>2147483647</string>
			<key>files</key>
			<array/>
			<key>inputPaths</key>
			<array/>
			<key>isa</key>
			<string>PBXShellScriptBuildPhase</string>
			<key>name</key>
			<string>Copy Pods Resources</string>
			<key>outputPaths</key>
			<array/>
			<key>runOnlyForDeploymentPostprocessing</key>
			<string>0</string>
			<key>shellPath</key>
			<string>/bin/sh</string>
			<key>shellScript</key>
			<string>"${SRCROOT}/Pods/Target Support Files/Pods/Pods-resources.sh"
</string>
			<key>showEnvVarsInLog</key>
			<string>0</string>
		</dict>
		<key>60AE7E50D9800F792DAC240A</key>
		<dict>
			<key>children</key>
			<array>
				<string>04B564171CEED4F6001E9792</string>
				<string>77F1DE39874FE306DBBCF16E</string>
				<string>DDADDD317C91AF9EACBAF282</string>
			</array>
			<key>isa</key>
			<string>PBXGroup</string>
			<key>name</key>
			<string>Pods</string>
			<key>sourceTree</key>
			<string>&lt;group&gt;</string>
		</dict>
		<key>61B7E42343524F180F2EE1E5</key>
		<dict>
			<key>explicitFileType</key>
			<string>wrapper.framework</string>
			<key>includeInIndex</key>
			<string>0</string>
			<key>isa</key>
			<string>PBXFileReference</string>
			<key>path</key>
			<string>Pods.framework</string>
			<key>sourceTree</key>
			<string>BUILT_PRODUCTS_DIR</string>
		</dict>
		<key>77F1DE39874FE306DBBCF16E</key>
		<dict>
			<key>includeInIndex</key>
			<string>1</string>
			<key>isa</key>
			<string>PBXFileReference</string>
			<key>lastKnownFileType</key>
			<string>text.xcconfig</string>
			<key>name</key>
			<string>Pods.debug.xcconfig</string>
			<key>path</key>
			<string>Pods/Target Support Files/Pods/Pods.debug.xcconfig</string>
			<key>sourceTree</key>
			<string>&lt;group&gt;</string>
		</dict>
		<key>9318B109307239B643F3597A</key>
		<dict>
			<key>buildActionMask</key>
			<string>2147483647</string>
			<key>files</key>
			<array/>
			<key>inputPaths</key>
			<array/>
			<key>isa</key>
			<string>PBXShellScriptBuildPhase</string>
			<key>name</key>
			<string>Embed Pods Frameworks</string>
			<key>outputPaths</key>
			<array/>
			<key>runOnlyForDeploymentPostprocessing</key>
			<string>0</string>
			<key>shellPath</key>
			<string>/bin/sh</string>
			<key>shellScript</key>
			<string>"${SRCROOT}/Pods/Target Support Files/Pods/Pods-frameworks.sh"
</string>
			<key>showEnvVarsInLog</key>
			<string>0</string>
		</dict>
		<key>973530DB44212B42FDD88127</key>
		<dict>
			<key>buildActionMask</key>
			<string>2147483647</string>
			<key>files</key>
			<array/>
			<key>inputPaths</key>
			<array/>
			<key>isa</key>
			<string>PBXShellScriptBuildPhase</string>
			<key>name</key>
			<string>Check Pods Manifest.lock</string>
			<key>outputPaths</key>
			<array/>
			<key>runOnlyForDeploymentPostprocessing</key>
			<string>0</string>
			<key>shellPath</key>
			<string>/bin/sh</string>
			<key>shellScript</key>
			<string>diff "${PODS_ROOT}/../Podfile.lock" "${PODS_ROOT}/Manifest.lock" &gt; /dev/null
if [[ $? != 0 ]] ; then
    cat &lt;&lt; EOM
error: The sandbox is not in sync with the Podfile.lock. Run 'pod install' or update your CocoaPods installation.
EOM
    exit 1
fi
</string>
			<key>showEnvVarsInLog</key>
			<string>0</string>
		</dict>
		<key>BF46C2C6ECD8331AB7EE5F01</key>
		<dict>
			<key>fileRef</key>
			<string>61B7E42343524F180F2EE1E5</string>
			<key>isa</key>
			<string>PBXBuildFile</string>
		</dict>
		<key>D48A0526576398153FC56E00</key>
		<dict>
			<key>children</key>
			<array>
				<string>18B49E861CF5AAF900B728BF</string>
				<string>18B49E841CF5AAD300B728BF</string>
				<string>61B7E42343524F180F2EE1E5</string>
			</array>
			<key>isa</key>
			<string>PBXGroup</string>
			<key>name</key>
			<string>Frameworks</string>
			<key>sourceTree</key>
			<string>&lt;group&gt;</string>
		</dict>
		<key>DDADDD317C91AF9EACBAF282</key>
		<dict>
			<key>includeInIndex</key>
			<string>1</string>
			<key>isa</key>
			<string>PBXFileReference</string>
			<key>lastKnownFileType</key>
			<string>text.xcconfig</string>
			<key>name</key>
			<string>Pods.release.xcconfig</string>
			<key>path</key>
			<string>Pods/Target Support Files/Pods/Pods.release.xcconfig</string>
			<key>sourceTree</key>
			<string>&lt;group&gt;</string>
		</dict>
	</dict>
	<key>rootObject</key>
	<string>045738FB1CE30EDF00EB0FC9</string>
</dict>
</plist>
